
Microsoft Visual Studio Solution File, Format Version 12.00
# Visual Studio Version 17
VisualStudioVersion = 17.10.34928.147
MinimumVisualStudioVersion = 10.0.40219.1
Project("{FAE04EC0-301F-11D3-BF4B-00C04F79EFBC}") = "S00251319JanExam2025", "S00251319JanExam2025\S00251319JanExam2025.csproj", "{B1667EBB-B188-4AAA-9644-F1597B0AF18F}"
EndProject
Global
	GlobalSection(SolutionConfigurationPlatforms) = preSolution
		Debug|Any CPU = Debug|Any CPU
		Release|Any CPU = Release|Any CPU
	EndGlobalSection
	GlobalSection(ProjectConfigurationPlatforms) = postSolution
		{B1667EBB-B188-4AAA-9644-F1597B0AF18F}.Debug|Any CPU.ActiveCfg = Debug|Any CPU
		{B1667EBB-B188-4AAA-9644-F1597B0AF18F}.Debug|Any CPU.Build.0 = Debug|Any CPU
		{B1667EBB-B188-4AAA-9644-F1597B0AF18F}.Release|Any CPU.ActiveCfg = Release|Any CPU
		{B1667EBB-B188-4AAA-9644-F1597B0AF18F}.Release|Any CPU.Build.0 = Release|Any CPU
	EndGlobalSection
	GlobalSection(SolutionProperties) = preSolution
		HideSolutionNode = FALSE
	EndGlobalSection
	GlobalSection(ExtensibilityGlobals) = postSolution
		SolutionGuid = {C391D26C-0CA3-4332-BEB3-59E1B2B7DE0C}
	EndGlobalSection
EndGlobal
